
Microsoft Visual Studio Solution File, Format Version 12.00
# Visual Studio 15
VisualStudioVersion = 15.0.27703.2042
MinimumVisualStudioVersion = 10.0.40219.1
Project("{9A19103F-16F7-4668-BE54-9A1E7A4F7556}") = "Races.Ui", "Races.Ui\Races.Ui.csproj", "{4A436960-2988-443B-A386-67FBF97B654C}"
EndProject
Project("{9A19103F-16F7-4668-BE54-9A1E7A4F7556}") = "Races.Logic", "Races.Logic\Races.Logic.csproj", "{509FFA97-F30A-4274-8BF6-A0161E3AAE77}"
EndProject
Project("{9A19103F-16F7-4668-BE54-9A1E7A4F7556}") = "Races.Models", "Races.Models\Races.Models.csproj", "{4AF88FC7-A3A1-45DB-872C-5A6B5A49F574}"
EndProject
Project("{FAE04EC0-301F-11D3-BF4B-00C04F79EFBC}") = "Races.Tests", "Races.Tests\Races.Tests.csproj", "{755B19A1-2B3C-424E-9F2C-AD5B3C722EC8}"
EndProject
Project("{FAE04EC0-301F-11D3-BF4B-00C04F79EFBC}") = "Races.Utilities", "Races.Utilities\Races.Utilities.csproj", "{C265AB5B-F733-49C1-B665-9B17B84EA1D6}"
EndProject
Global
	GlobalSection(SolutionConfigurationPlatforms) = preSolution
		Debug|Any CPU = Debug|Any CPU
		Release|Any CPU = Release|Any CPU
	EndGlobalSection
	GlobalSection(ProjectConfigurationPlatforms) = postSolution
		{4A436960-2988-443B-A386-67FBF97B654C}.Debug|Any CPU.ActiveCfg = Debug|Any CPU
		{4A436960-2988-443B-A386-67FBF97B654C}.Debug|Any CPU.Build.0 = Debug|Any CPU
		{4A436960-2988-443B-A386-67FBF97B654C}.Release|Any CPU.ActiveCfg = Release|Any CPU
		{4A436960-2988-443B-A386-67FBF97B654C}.Release|Any CPU.Build.0 = Release|Any CPU
		{509FFA97-F30A-4274-8BF6-A0161E3AAE77}.Debug|Any CPU.ActiveCfg = Debug|Any CPU
		{509FFA97-F30A-4274-8BF6-A0161E3AAE77}.Debug|Any CPU.Build.0 = Debug|Any CPU
		{509FFA97-F30A-4274-8BF6-A0161E3AAE77}.Release|Any CPU.ActiveCfg = Release|Any CPU
		{509FFA97-F30A-4274-8BF6-A0161E3AAE77}.Release|Any CPU.Build.0 = Release|Any CPU
		{4AF88FC7-A3A1-45DB-872C-5A6B5A49F574}.Debug|Any CPU.ActiveCfg = Debug|Any CPU
		{4AF88FC7-A3A1-45DB-872C-5A6B5A49F574}.Debug|Any CPU.Build.0 = Debug|Any CPU
		{4AF88FC7-A3A1-45DB-872C-5A6B5A49F574}.Release|Any CPU.ActiveCfg = Release|Any CPU
		{4AF88FC7-A3A1-45DB-872C-5A6B5A49F574}.Release|Any CPU.Build.0 = Release|Any CPU
		{755B19A1-2B3C-424E-9F2C-AD5B3C722EC8}.Debug|Any CPU.ActiveCfg = Debug|Any CPU
		{755B19A1-2B3C-424E-9F2C-AD5B3C722EC8}.Debug|Any CPU.Build.0 = Debug|Any CPU
		{755B19A1-2B3C-424E-9F2C-AD5B3C722EC8}.Release|Any CPU.ActiveCfg = Release|Any CPU
		{755B19A1-2B3C-424E-9F2C-AD5B3C722EC8}.Release|Any CPU.Build.0 = Release|Any CPU
		{C265AB5B-F733-49C1-B665-9B17B84EA1D6}.Debug|Any CPU.ActiveCfg = Debug|Any CPU
		{C265AB5B-F733-49C1-B665-9B17B84EA1D6}.Debug|Any CPU.Build.0 = Debug|Any CPU
		{C265AB5B-F733-49C1-B665-9B17B84EA1D6}.Release|Any CPU.ActiveCfg = Release|Any CPU
		{C265AB5B-F733-49C1-B665-9B17B84EA1D6}.Release|Any CPU.Build.0 = Release|Any CPU
	EndGlobalSection
	GlobalSection(SolutionProperties) = preSolution
		HideSolutionNode = FALSE
	EndGlobalSection
	GlobalSection(ExtensibilityGlobals) = postSolution
		SolutionGuid = {B921EBCD-413F-4B9B-9ED7-B822F2A3B9AB}
	EndGlobalSection
EndGlobal
